
Microsoft Visual Studio Solution File, Format Version 12.00
# Visual Studio 14
VisualStudioVersion = 14.0.25420.1
MinimumVisualStudioVersion = 10.0.40219.1
Project("{FAE04EC0-301F-11D3-BF4B-00C04F79EFBC}") = "MergePictures", "MergePictures\MergePictures.csproj", "{66FB820E-57DA-45FC-89AC-F735FB7535EB}"
EndProject
Project("{FAE04EC0-301F-11D3-BF4B-00C04F79EFBC}") = "UnitTest", "UnitTest\UnitTest.csproj", "{0B49B015-F7DC-4437-8887-D76FF20542F6}"
EndProject
Global
	GlobalSection(SolutionConfigurationPlatforms) = preSolution
		Debug|Any CPU = Debug|Any CPU
		Release|Any CPU = Release|Any CPU
	EndGlobalSection
	GlobalSection(ProjectConfigurationPlatforms) = postSolution
		{66FB820E-57DA-45FC-89AC-F735FB7535EB}.Debug|Any CPU.ActiveCfg = Debug|Any CPU
		{66FB820E-57DA-45FC-89AC-F735FB7535EB}.Debug|Any CPU.Build.0 = Debug|Any CPU
		{66FB820E-57DA-45FC-89AC-F735FB7535EB}.Release|Any CPU.ActiveCfg = Release|Any CPU
		{66FB820E-57DA-45FC-89AC-F735FB7535EB}.Release|Any CPU.Build.0 = Release|Any CPU
		{0B49B015-F7DC-4437-8887-D76FF20542F6}.Debug|Any CPU.ActiveCfg = Debug|Any CPU
		{0B49B015-F7DC-4437-8887-D76FF20542F6}.Debug|Any CPU.Build.0 = Debug|Any CPU
		{0B49B015-F7DC-4437-8887-D76FF20542F6}.Release|Any CPU.ActiveCfg = Release|Any CPU
		{0B49B015-F7DC-4437-8887-D76FF20542F6}.Release|Any CPU.Build.0 = Release|Any CPU
	EndGlobalSection
	GlobalSection(SolutionProperties) = preSolution
		HideSolutionNode = FALSE
	EndGlobalSection
EndGlobal
