
Microsoft Visual Studio Solution File, Format Version 12.00
# Visual Studio 2013
VisualStudioVersion = 12.0.30723.0
MinimumVisualStudioVersion = 10.0.40219.1
Project("{FAE04EC0-301F-11D3-BF4B-00C04F79EFBC}") = "CodedUITest", "CodedUITest\CodedUITest.csproj", "{A5757ABE-62AE-424D-B347-F4FF78558E71}"
EndProject
Project("{FAE04EC0-301F-11D3-BF4B-00C04F79EFBC}") = "TechTalk.SpecFlow.CodedUI.MsTest", "TechTalk.SpecFlow.CodedUI.MsTest\TechTalk.SpecFlow.CodedUI.MsTest.csproj", "{CBC30F8D-FF5B-4D81-8D7F-ECCB0104B4EF}"
EndProject
Project("{2150E333-8FDC-42A3-9474-1A3956D46DE8}") = ".nuget", ".nuget", "{CCB31CDC-D148-4E38-92D2-B9E1D2F25D28}"
	ProjectSection(SolutionItems) = preProject
		.nuget\NuGet.Config = .nuget\NuGet.Config
		.nuget\NuGet.exe = .nuget\NuGet.exe
		.nuget\NuGet.targets = .nuget\NuGet.targets
	EndProjectSection
EndProject
Global
	GlobalSection(SolutionConfigurationPlatforms) = preSolution
		Debug|Any CPU = Debug|Any CPU
		Release|Any CPU = Release|Any CPU
	EndGlobalSection
	GlobalSection(ProjectConfigurationPlatforms) = postSolution
		{A5757ABE-62AE-424D-B347-F4FF78558E71}.Debug|Any CPU.ActiveCfg = Debug|Any CPU
		{A5757ABE-62AE-424D-B347-F4FF78558E71}.Debug|Any CPU.Build.0 = Debug|Any CPU
		{A5757ABE-62AE-424D-B347-F4FF78558E71}.Release|Any CPU.ActiveCfg = Release|Any CPU
		{A5757ABE-62AE-424D-B347-F4FF78558E71}.Release|Any CPU.Build.0 = Release|Any CPU
		{CBC30F8D-FF5B-4D81-8D7F-ECCB0104B4EF}.Debug|Any CPU.ActiveCfg = Debug|Any CPU
		{CBC30F8D-FF5B-4D81-8D7F-ECCB0104B4EF}.Debug|Any CPU.Build.0 = Debug|Any CPU
		{CBC30F8D-FF5B-4D81-8D7F-ECCB0104B4EF}.Release|Any CPU.ActiveCfg = Release|Any CPU
		{CBC30F8D-FF5B-4D81-8D7F-ECCB0104B4EF}.Release|Any CPU.Build.0 = Release|Any CPU
	EndGlobalSection
	GlobalSection(SolutionProperties) = preSolution
		HideSolutionNode = FALSE
	EndGlobalSection
EndGlobal
